Microsoft Visual Studio Solution File, Format Version 11.00
# Visual Studio 2010
Project("{FAE04EC0-301F-11D3-BF4B-00C04F79EFBC}") = "Assembly-CSharp", "Assembly-CSharp.csproj", "{97BB5F94-EA2F-286A-B6FF-F3F6B59B87D5}"
EndProject
Project("{FAE04EC0-301F-11D3-BF4B-00C04F79EFBC}") = "Assembly-CSharp-Editor-firstpass", "Assembly-CSharp-Editor-firstpass.csproj", "{0F340D82-4B24-554B-F519-7AE1D340C8AD}"
EndProject
Global
	GlobalSection(SolutionConfigurationPlatforms) = preSolution
		Debug|Any CPU = Debug|Any CPU
		Release|Any CPU = Release|Any CPU
	EndGlobalSection
	GlobalSection(ProjectConfigurationPlatforms) = postSolution
		{97BB5F94-EA2F-286A-B6FF-F3F6B59B87D5}.Debug|Any CPU.ActiveCfg = Debug|Any CPU
		{97BB5F94-EA2F-286A-B6FF-F3F6B59B87D5}.Debug|Any CPU.Build.0 = Debug|Any CPU
		{97BB5F94-EA2F-286A-B6FF-F3F6B59B87D5}.Release|Any CPU.ActiveCfg = Release|Any CPU
		{97BB5F94-EA2F-286A-B6FF-F3F6B59B87D5}.Release|Any CPU.Build.0 = Release|Any CPU
		{0F340D82-4B24-554B-F519-7AE1D340C8AD}.Debug|Any CPU.ActiveCfg = Debug|Any CPU
		{0F340D82-4B24-554B-F519-7AE1D340C8AD}.Debug|Any CPU.Build.0 = Debug|Any CPU
		{0F340D82-4B24-554B-F519-7AE1D340C8AD}.Release|Any CPU.ActiveCfg = Release|Any CPU
		{0F340D82-4B24-554B-F519-7AE1D340C8AD}.Release|Any CPU.Build.0 = Release|Any CPU
	EndGlobalSection
EndGlobal
